
Microsoft Visual Studio Solution File, Format Version 12.00
# Visual Studio Version 17
VisualStudioVersion = 17.5.002.0
MinimumVisualStudioVersion = 10.0.40219.1
Project("{9A19103F-16F7-4668-BE54-9A1E7A4F7556}") = "trilha-net-azure-desafio", "trilha-net-azure-desafio.csproj", "{08A18E95-F36E-493C-9F2A-E527193D5535}"
EndProject
Global
	GlobalSection(SolutionConfigurationPlatforms) = preSolution
		Debug|Any CPU = Debug|Any CPU
		Release|Any CPU = Release|Any CPU
	EndGlobalSection
	GlobalSection(ProjectConfigurationPlatforms) = postSolution
		{08A18E95-F36E-493C-9F2A-E527193D5535}.Debug|Any CPU.ActiveCfg = Debug|Any CPU
		{08A18E95-F36E-493C-9F2A-E527193D5535}.Debug|Any CPU.Build.0 = Debug|Any CPU
		{08A18E95-F36E-493C-9F2A-E527193D5535}.Release|Any CPU.ActiveCfg = Release|Any CPU
		{08A18E95-F36E-493C-9F2A-E527193D5535}.Release|Any CPU.Build.0 = Release|Any CPU
	EndGlobalSection
	GlobalSection(SolutionProperties) = preSolution
		HideSolutionNode = FALSE
	EndGlobalSection
	GlobalSection(ExtensibilityGlobals) = postSolution
		SolutionGuid = {F37BDC70-61E7-4779-97B4-AC4A5CE19764}
	EndGlobalSection
EndGlobal
